
Microsoft Visual Studio Solution File, Format Version 12.00
# Visual Studio 15
VisualStudioVersion = 15.0.28010.2016
MinimumVisualStudioVersion = 10.0.40219.1
Project("{FAE04EC0-301F-11D3-BF4B-00C04F79EFBC}") = "ChainVitae_Console", "ChainVitae_Console\ChainVitae_Console.csproj", "{4A14D3B0-3C5D-414C-8756-8AFDE27FD12E}"
EndProject
Project("{FAE04EC0-301F-11D3-BF4B-00C04F79EFBC}") = "HashingTest", "HashingTest\HashingTest.csproj", "{9EA846FA-F077-41D9-A163-CCAD6172C224}"
EndProject
Project("{FAE04EC0-301F-11D3-BF4B-00C04F79EFBC}") = "CommunicationInstances", "CommunicationInstances\CommunicationInstances.csproj", "{0AC65713-0FFC-41D4-9CA7-08A65514F7F4}"
EndProject
Global
	GlobalSection(SolutionConfigurationPlatforms) = preSolution
		Debug|Any CPU = Debug|Any CPU
		Release|Any CPU = Release|Any CPU
	EndGlobalSection
	GlobalSection(ProjectConfigurationPlatforms) = postSolution
		{4A14D3B0-3C5D-414C-8756-8AFDE27FD12E}.Debug|Any CPU.ActiveCfg = Debug|Any CPU
		{4A14D3B0-3C5D-414C-8756-8AFDE27FD12E}.Debug|Any CPU.Build.0 = Debug|Any CPU
		{4A14D3B0-3C5D-414C-8756-8AFDE27FD12E}.Release|Any CPU.ActiveCfg = Release|Any CPU
		{4A14D3B0-3C5D-414C-8756-8AFDE27FD12E}.Release|Any CPU.Build.0 = Release|Any CPU
		{9EA846FA-F077-41D9-A163-CCAD6172C224}.Debug|Any CPU.ActiveCfg = Debug|Any CPU
		{9EA846FA-F077-41D9-A163-CCAD6172C224}.Debug|Any CPU.Build.0 = Debug|Any CPU
		{9EA846FA-F077-41D9-A163-CCAD6172C224}.Release|Any CPU.ActiveCfg = Release|Any CPU
		{9EA846FA-F077-41D9-A163-CCAD6172C224}.Release|Any CPU.Build.0 = Release|Any CPU
		{0AC65713-0FFC-41D4-9CA7-08A65514F7F4}.Debug|Any CPU.ActiveCfg = Debug|Any CPU
		{0AC65713-0FFC-41D4-9CA7-08A65514F7F4}.Debug|Any CPU.Build.0 = Debug|Any CPU
		{0AC65713-0FFC-41D4-9CA7-08A65514F7F4}.Release|Any CPU.ActiveCfg = Release|Any CPU
		{0AC65713-0FFC-41D4-9CA7-08A65514F7F4}.Release|Any CPU.Build.0 = Release|Any CPU
	EndGlobalSection
	GlobalSection(SolutionProperties) = preSolution
		HideSolutionNode = FALSE
	EndGlobalSection
	GlobalSection(ExtensibilityGlobals) = postSolution
		SolutionGuid = {CF67FF55-847D-44DC-80C1-8FBF8B0775FB}
	EndGlobalSection
EndGlobal
